
Microsoft Visual Studio Solution File, Format Version 12.00
# Visual Studio Version 17
VisualStudioVersion = 17.0.32112.339
MinimumVisualStudioVersion = 10.0.40219.1
Project("{FAE04EC0-301F-11D3-BF4B-00C04F79EFBC}") = "ControlePenal", "ControlePenal\ControlePenal.csproj", "{CEAC100C-CF63-47CC-B965-EC247FDC49D3}"
EndProject
Global
	GlobalSection(SolutionConfigurationPlatforms) = preSolution
		Debug|Any CPU = Debug|Any CPU
		Release|Any CPU = Release|Any CPU
	EndGlobalSection
	GlobalSection(ProjectConfigurationPlatforms) = postSolution
		{CEAC100C-CF63-47CC-B965-EC247FDC49D3}.Debug|Any CPU.ActiveCfg = Debug|Any CPU
		{CEAC100C-CF63-47CC-B965-EC247FDC49D3}.Debug|Any CPU.Build.0 = Debug|Any CPU
		{CEAC100C-CF63-47CC-B965-EC247FDC49D3}.Release|Any CPU.ActiveCfg = Release|Any CPU
		{CEAC100C-CF63-47CC-B965-EC247FDC49D3}.Release|Any CPU.Build.0 = Release|Any CPU
	EndGlobalSection
	GlobalSection(SolutionProperties) = preSolution
		HideSolutionNode = FALSE
	EndGlobalSection
	GlobalSection(ExtensibilityGlobals) = postSolution
		SolutionGuid = {05138274-FA84-4A9A-8050-0AB5728E2D5C}
	EndGlobalSection
EndGlobal
